
Microsoft Visual Studio Solution File, Format Version 12.00
# Visual Studio Version 17
VisualStudioVersion = 17.0.31717.71
MinimumVisualStudioVersion = 10.0.40219.1
Project("{FAE04EC0-301F-11D3-BF4B-00C04F79EFBC}") = "OneDriveBackup", "OneDriveBackup\OneDriveBackup.csproj", "{9EAC4E93-F79A-42DD-834B-C16880860983}"
EndProject
Project("{FAE04EC0-301F-11D3-BF4B-00C04F79EFBC}") = "OneDriveBackup.Authentication", "OneDriveBackup.Authentication\OneDriveBackup.Authentication.csproj", "{1ECEE435-49B7-4763-B278-07351D562236}"
EndProject
Global
	GlobalSection(SolutionConfigurationPlatforms) = preSolution
		Debug|Any CPU = Debug|Any CPU
		Release|Any CPU = Release|Any CPU
	EndGlobalSection
	GlobalSection(ProjectConfigurationPlatforms) = postSolution
		{9EAC4E93-F79A-42DD-834B-C16880860983}.Debug|Any CPU.ActiveCfg = Debug|Any CPU
		{9EAC4E93-F79A-42DD-834B-C16880860983}.Debug|Any CPU.Build.0 = Debug|Any CPU
		{9EAC4E93-F79A-42DD-834B-C16880860983}.Release|Any CPU.ActiveCfg = Release|Any CPU
		{9EAC4E93-F79A-42DD-834B-C16880860983}.Release|Any CPU.Build.0 = Release|Any CPU
		{1ECEE435-49B7-4763-B278-07351D562236}.Debug|Any CPU.ActiveCfg = Debug|Any CPU
		{1ECEE435-49B7-4763-B278-07351D562236}.Debug|Any CPU.Build.0 = Debug|Any CPU
		{1ECEE435-49B7-4763-B278-07351D562236}.Release|Any CPU.ActiveCfg = Release|Any CPU
		{1ECEE435-49B7-4763-B278-07351D562236}.Release|Any CPU.Build.0 = Release|Any CPU
	EndGlobalSection
	GlobalSection(SolutionProperties) = preSolution
		HideSolutionNode = FALSE
	EndGlobalSection
	GlobalSection(ExtensibilityGlobals) = postSolution
		SolutionGuid = {64BACCF5-88D5-404F-B1E8-7A1140718569}
	EndGlobalSection
EndGlobal
